
Microsoft Visual Studio Solution File, Format Version 12.00
# Visual Studio Version 16
VisualStudioVersion = 16.0.33130.400
MinimumVisualStudioVersion = 10.0.40219.1
Project("{FAE04EC0-301F-11D3-BF4B-00C04F79EFBC}") = "Proxy", "Proxy.csproj", "{C7B7C548-42A4-4DFB-9F7B-B8F6D554D83B}"
EndProject
Global
	GlobalSection(SolutionConfigurationPlatforms) = preSolution
		Debug|Any CPU = Debug|Any CPU
		Release|Any CPU = Release|Any CPU
	EndGlobalSection
	GlobalSection(ProjectConfigurationPlatforms) = postSolution
		{C7B7C548-42A4-4DFB-9F7B-B8F6D554D83B}.Debug|Any CPU.ActiveCfg = Debug|Any CPU
		{C7B7C548-42A4-4DFB-9F7B-B8F6D554D83B}.Debug|Any CPU.Build.0 = Debug|Any CPU
		{C7B7C548-42A4-4DFB-9F7B-B8F6D554D83B}.Release|Any CPU.ActiveCfg = Release|Any CPU
		{C7B7C548-42A4-4DFB-9F7B-B8F6D554D83B}.Release|Any CPU.Build.0 = Release|Any CPU
	EndGlobalSection
	GlobalSection(SolutionProperties) = preSolution
		HideSolutionNode = FALSE
	EndGlobalSection
	GlobalSection(ExtensibilityGlobals) = postSolution
		SolutionGuid = {01FD8181-1ADD-4107-B667-C2C262542139}
	EndGlobalSection
EndGlobal
